<?xml version="1.0" encoding="utf-8"?>
<Project ToolsVersion="4.0" xmlns="http://schemas.microsoft.com/developer/msbuild/2003">
  <ItemGroup>
    <ClCompile Include="BrowsePackage.cpp">
      <Filter>Source Files</Filter>
    </ClCompile>
    <ClCompile Include="ClassExport.cpp">
      <Filter>Source Files</Filter>
    </ClCompile>
    <ClCompile Include="FullPkgExport.cpp">
      <Filter>Source Files</Filter>
    </ClCompile>
    <ClCompile Include="LevelExport.cpp">
      <Filter>Source Files</Filter>
    </ClCompile>
    <ClCompile Include="lucc.cpp">
      <Filter>Source Files</Filter>
    </ClCompile>
    <ClCompile Include="MeshExport.cpp">
      <Filter>Source Files</Filter>
    </ClCompile>
    <ClCompile Include="MissingNativeFields.cpp">
      <Filter>Source Files</Filter>
    </ClCompile>
    <ClCompile Include="MusicExport.cpp">
      <Filter>Source Files</Filter>
    </ClCompile>
    <ClCompile Include="PlayMusic.cpp">
      <Filter>Source Files</Filter>
    </ClCompile>
    <ClCompile Include="SoundExport.cpp">
      <Filter>Source Files</Filter>
    </ClCompile>
    <ClCompile Include="TextureExport.cpp">
      <Filter>Source Files</Filter>
    </ClCompile>
  </ItemGroup>
  <ItemGroup>
    <None Include=".gitignore" />
  </ItemGroup>
  <ItemGroup>
    <Filter Include="Source Files">
      <UniqueIdentifier>{7a750476-3620-4318-935e-20b823d2e498}</UniqueIdentifier>
    </Filter>
    <Filter Include="Header Files">
      <UniqueIdentifier>{2a591f1e-a5db-4ce9-af6d-e1caf3b607a7}</UniqueIdentifier>
    </Filter>
  </ItemGroup>
  <ItemGroup>
    <ClInclude Include="lucc.h">
      <Filter>Header Files</Filter>
    </ClInclude>
  </ItemGroup>
</Project>